
Microsoft Visual Studio Solution File, Format Version 12.00
# Visual Studio Version 17
VisualStudioVersion = 17.4.33205.214
MinimumVisualStudioVersion = 10.0.40219.1
Project("{888888A0-9F3D-457C-B088-3A5042F75D52}") = "Mustrid19-04", "Mustrid19-04.pyproj", "{E160BE5E-DFEB-4DA9-AA69-D0CE7C2A66A4}"
EndProject
Global
	GlobalSection(SolutionConfigurationPlatforms) = preSolution
		Debug|Any CPU = Debug|Any CPU
		Release|Any CPU = Release|Any CPU
	EndGlobalSection
	GlobalSection(ProjectConfigurationPlatforms) = postSolution
		{E160BE5E-DFEB-4DA9-AA69-D0CE7C2A66A4}.Debug|Any CPU.ActiveCfg = Debug|Any CPU
		{E160BE5E-DFEB-4DA9-AA69-D0CE7C2A66A4}.Release|Any CPU.ActiveCfg = Release|Any CPU
	EndGlobalSection
	GlobalSection(SolutionProperties) = preSolution
		HideSolutionNode = FALSE
	EndGlobalSection
	GlobalSection(ExtensibilityGlobals) = postSolution
		SolutionGuid = {0E769AAD-F994-496A-8CD6-A2BC734DE6C0}
	EndGlobalSection
EndGlobal
